Microsoft Visual Studio Solution File, Format Version 11.00
# Visual Studio 2008

Project("{A46A15C7-A052-F2B2-647D-4BDA8B846523}") = "GeoWorld", "Assembly-CSharp-firstpass.csproj", "{B8B6E1C0-D9BD-6137-8918-C82020E697B1}"
EndProject
Project("{A46A15C7-A052-F2B2-647D-4BDA8B846523}") = "GeoWorld", "Assembly-CSharp.csproj", "{B35FB8AF-0442-ABD4-CB3A-95808FB8027C}"
EndProject
Global
	GlobalSection(SolutionConfigurationPlatforms) = preSolution
		Debug|Any CPU = Debug|Any CPU
		Release|Any CPU = Release|Any CPU
	EndGlobalSection
	GlobalSection(ProjectConfigurationPlatforms) = postSolution
		{B8B6E1C0-D9BD-6137-8918-C82020E697B1}.Debug|Any CPU.ActiveCfg = Debug|Any CPU
		{B8B6E1C0-D9BD-6137-8918-C82020E697B1}.Debug|Any CPU.Build.0 = Debug|Any CPU
		{B8B6E1C0-D9BD-6137-8918-C82020E697B1}.Release|Any CPU.ActiveCfg = Release|Any CPU
		{B8B6E1C0-D9BD-6137-8918-C82020E697B1}.Release|Any CPU.Build.0 = Release|Any CPU
		{B35FB8AF-0442-ABD4-CB3A-95808FB8027C}.Debug|Any CPU.ActiveCfg = Debug|Any CPU
		{B35FB8AF-0442-ABD4-CB3A-95808FB8027C}.Debug|Any CPU.Build.0 = Debug|Any CPU
		{B35FB8AF-0442-ABD4-CB3A-95808FB8027C}.Release|Any CPU.ActiveCfg = Release|Any CPU
		{B35FB8AF-0442-ABD4-CB3A-95808FB8027C}.Release|Any CPU.Build.0 = Release|Any CPU
	EndGlobalSection
	GlobalSection(SolutionProperties) = preSolution
		HideSolutionNode = FALSE
	EndGlobalSection
	GlobalSection(MonoDevelopProperties) = preSolution
		StartupItem = Assembly-CSharp.csproj
	EndGlobalSection
EndGlobal
